
Microsoft Visual Studio Solution File, Format Version 12.00
# Visual Studio Version 16
VisualStudioVersion = 16.0.30804.86
MinimumVisualStudioVersion = 10.0.40219.1
Project("{FAE04EC0-301F-11D3-BF4B-00C04F79EFBC}") = "Module7HomeWork14", "Module7HomeWork14.csproj", "{195BCD7C-BD33-40C8-AF4B-D060E6A44027}"
EndProject
Global
	GlobalSection(SolutionConfigurationPlatforms) = preSolution
		Debug|Any CPU = Debug|Any CPU
		Release|Any CPU = Release|Any CPU
	EndGlobalSection
	GlobalSection(ProjectConfigurationPlatforms) = postSolution
		{195BCD7C-BD33-40C8-AF4B-D060E6A44027}.Debug|Any CPU.ActiveCfg = Debug|Any CPU
		{195BCD7C-BD33-40C8-AF4B-D060E6A44027}.Debug|Any CPU.Build.0 = Debug|Any CPU
		{195BCD7C-BD33-40C8-AF4B-D060E6A44027}.Release|Any CPU.ActiveCfg = Release|Any CPU
		{195BCD7C-BD33-40C8-AF4B-D060E6A44027}.Release|Any CPU.Build.0 = Release|Any CPU
	EndGlobalSection
	GlobalSection(SolutionProperties) = preSolution
		HideSolutionNode = FALSE
	EndGlobalSection
	GlobalSection(ExtensibilityGlobals) = postSolution
		SolutionGuid = {BB3B9E1E-30B1-4217-8151-CBB8855094DD}
	EndGlobalSection
EndGlobal
